// !$*UTF8*$!
{
	archiveVersion = 1;
	classes = {
	};
	objectVersion = 50;
	objects = {

/* Begin PBXBuildFile section */
		686E872E2197EDCD000B71F1 /* EventViewModel.swift in Sources */ = {isa = PBXBuildFile; fileRef = 686E872D2197EDCD000B71F1 /* EventViewModel.swift */; };
		686E87322197FEB2000B71F1 /* ObservableType.swift in Sources */ = {isa = PBXBuildFile; fileRef = 686E87312197FEB2000B71F1 /* ObservableType.swift */; };
		686E876521985A01000B71F1 /* EventViewModelTests.swift in Sources */ = {isa = PBXBuildFile; fileRef = 686E876421985A01000B71F1 /* EventViewModelTests.swift */; };
		68848ED92197BA1300F880CF /* AppDelegate.swift in Sources */ = {isa = PBXBuildFile; fileRef = 68848ED82197BA1300F880CF /* AppDelegate.swift */; };
		68848EDB2197BA1300F880CF /* EventViewController.swift in Sources */ = {isa = PBXBuildFile; fileRef = 68848EDA2197BA1300F880CF /* EventViewController.swift */; };
		68848EDE2197BA1300F880CF /* Main.storyboard in Resources */ = {isa = PBXBuildFile; fileRef = 68848EDC2197BA1300F880CF /* Main.storyboard */; };
		68848EE02197BA1300F880CF /* Assets.xcassets in Resources */ = {isa = PBXBuildFile; fileRef = 68848EDF2197BA1300F880CF /* Assets.xcassets */; };
		68848EE32197BA1400F880CF /* LaunchScreen.storyboard in Resources */ = {isa = PBXBuildFile; fileRef = 68848EE12197BA1400F880CF /* LaunchScreen.storyboard */; };
		68848EEE2197BA1400F880CF /* ApiServiceTests.swift in Sources */ = {isa = PBXBuildFile; fileRef = 68848EED2197BA1400F880CF /* ApiServiceTests.swift */; };
		68848EFA2197C46C00F880CF /* EventsAPIResponse.swift in Sources */ = {isa = PBXBuildFile; fileRef = 68848EF92197C46C00F880CF /* EventsAPIResponse.swift */; };
		68848EFC2197C48B00F880CF /* Event.swift in Sources */ = {isa = PBXBuildFile; fileRef = 68848EFB2197C48B00F880CF /* Event.swift */; };
		68848EFF2197C89500F880CF /* ApiService.swift in Sources */ = {isa = PBXBuildFile; fileRef = 68848EFE2197C89500F880CF /* ApiService.swift */; };
		68848F032197DB1000F880CF /* EventTableViewCell.swift in Sources */ = {isa = PBXBuildFile; fileRef = 68848F022197DB1000F880CF /* EventTableViewCell.swift */; };
		D3BD7FDFBD0AE9457A833F3C /* Pods_Fun_AppTests.framework in Frameworks */ = {isa = PBXBuildFile; fileRef = 304B1CAC7BC39D9E4CE7797F /* Pods_Fun_AppTests.framework */; };
		DDD7EEEE9377463549BE13AB /* Pods_Fun_App.framework in Frameworks */ = {isa = PBXBuildFile; fileRef = 2EE333406E26E7650764BBE0 /* Pods_Fun_App.framework */; };
/* End PBXBuildFile section */

/* Begin PBXContainerItemProxy section */
		68848EEA2197BA1400F880CF /* PBXContainerItemProxy */ = {
			isa = PBXContainerItemProxy;
			containerPortal = 68848ECD2197BA1300F880CF /* Project object */;
			proxyType = 1;
			remoteGlobalIDString = 68848ED42197BA1300F880CF;
			remoteInfo = "Fun App";
		};
/* End PBXContainerItemProxy section */

/* Begin PBXFileReference section */
		2EE333406E26E7650764BBE0 /* Pods_Fun_App.framework */ = {isa = PBXFileReference; explicitFileType = wrapper.framework; includeInIndex = 0; path = Pods_Fun_App.framework; sourceTree = BUILT_PRODUCTS_DIR; };
		304B1CAC7BC39D9E4CE7797F /* Pods_Fun_AppTests.framework */ = {isa = PBXFileReference; explicitFileType = wrapper.framework; includeInIndex = 0; path = Pods_Fun_AppTests.framework; sourceTree = BUILT_PRODUCTS_DIR; };
		37E1F262B4354C437197D394 /* Pods-Fun AppTests.release.xcconfig */ = {isa = PBXFileReference; includeInIndex = 1; lastKnownFileType = text.xcconfig; name = "Pods-Fun AppTests.release.xcconfig"; path = "Pods/Target Support Files/Pods-Fun AppTests/Pods-Fun AppTests.release.xcconfig"; sourceTree = "<group>"; };
		686E872D2197EDCD000B71F1 /* EventViewModel.swift */ = {isa = PBXFileReference; lastKnownFileType = sourcecode.swift; path = EventViewModel.swift; sourceTree = "<group>"; };
		686E87312197FEB2000B71F1 /* ObservableType.swift */ = {isa = PBXFileReference; lastKnownFileType = sourcecode.swift; path = ObservableType.swift; sourceTree = "<group>"; };
		686E876421985A01000B71F1 /* EventViewModelTests.swift */ = {isa = PBXFileReference; lastKnownFileType = sourcecode.swift; path = EventViewModelTests.swift; sourceTree = "<group>"; };
		68848ED52197BA1300F880CF /* Fun App.app */ = {isa = PBXFileReference; explicitFileType = wrapper.application; includeInIndex = 0; path = "Fun App.app"; sourceTree = BUILT_PRODUCTS_DIR; };
		68848ED82197BA1300F880CF /* AppDelegate.swift */ = {isa = PBXFileReference; lastKnownFileType = sourcecode.swift; path = AppDelegate.swift; sourceTree = "<group>"; };
		68848EDA2197BA1300F880CF /* EventViewController.swift */ = {isa = PBXFileReference; lastKnownFileType = sourcecode.swift; path = EventViewController.swift; sourceTree = "<group>"; };
		68848EDD2197BA1300F880CF /* Base */ = {isa = PBXFileReference; lastKnownFileType = file.storyboard; name = Base; path = Base.lproj/Main.storyboard; sourceTree = "<group>"; };
		68848EDF2197BA1300F880CF /* Assets.xcassets */ = {isa = PBXFileReference; lastKnownFileType = folder.assetcatalog; path = Assets.xcassets; sourceTree = "<group>"; };
		68848EE22197BA1400F880CF /* Base */ = {isa = PBXFileReference; lastKnownFileType = file.storyboard; name = Base; path = Base.lproj/LaunchScreen.storyboard; sourceTree = "<group>"; };
		68848EE42197BA1400F880CF /* Info.plist */ = {isa = PBXFileReference; lastKnownFileType = text.plist.xml; path = Info.plist; sourceTree = "<group>"; };
		68848EE92197BA1400F880CF /* Fun AppTests.xctest */ = {isa = PBXFileReference; explicitFileType = wrapper.cfbundle; includeInIndex = 0; path = "Fun AppTests.xctest"; sourceTree = BUILT_PRODUCTS_DIR; };
		68848EED2197BA1400F880CF /* ApiServiceTests.swift */ = {isa = PBXFileReference; lastKnownFileType = sourcecode.swift; path = ApiServiceTests.swift; sourceTree = "<group>"; };
		68848EEF2197BA1400F880CF /* Info.plist */ = {isa = PBXFileReference; lastKnownFileType = text.plist.xml; path = Info.plist; sourceTree = "<group>"; };
		68848EF92197C46C00F880CF /* EventsAPIResponse.swift */ = {isa = PBXFileReference; lastKnownFileType = sourcecode.swift; path = EventsAPIResponse.swift; sourceTree = "<group>"; };
		68848EFB2197C48B00F880CF /* Event.swift */ = {isa = PBXFileReference; lastKnownFileType = sourcecode.swift; path = Event.swift; sourceTree = "<group>"; };
		68848EFE2197C89500F880CF /* ApiService.swift */ = {isa = PBXFileReference; lastKnownFileType = sourcecode.swift; path = ApiService.swift; sourceTree = "<group>"; };
		68848F022197DB1000F880CF /* EventTableViewCell.swift */ = {isa = PBXFileReference; lastKnownFileType = sourcecode.swift; path = EventTableViewCell.swift; sourceTree = "<group>"; };
		7D173CD4A8DB3EBB6ED3BAC2 /* Pods-Fun App.release.xcconfig */ = {isa = PBXFileReference; includeInIndex = 1; lastKnownFileType = text.xcconfig; name = "Pods-Fun App.release.xcconfig"; path = "Pods/Target Support Files/Pods-Fun App/Pods-Fun App.release.xcconfig"; sourceTree = "<group>"; };
		B6B20DC4BECC7158DBBF2386 /* Pods-Fun App.debug.xcconfig */ = {isa = PBXFileReference; includeInIndex = 1; lastKnownFileType = text.xcconfig; name = "Pods-Fun App.debug.xcconfig"; path = "Pods/Target Support Files/Pods-Fun App/Pods-Fun App.debug.xcconfig"; sourceTree = "<group>"; };
		FD20E113B3AC1487F053F77B /* Pods-Fun AppTests.debug.xcconfig */ = {isa = PBXFileReference; includeInIndex = 1; lastKnownFileType = text.xcconfig; name = "Pods-Fun AppTests.debug.xcconfig"; path = "Pods/Target Support Files/Pods-Fun AppTests/Pods-Fun AppTests.debug.xcconfig"; sourceTree = "<group>"; };
/* End PBXFileReference section */

/* Begin PBXFrameworksBuildPhase section */
		68848ED22197BA1300F880CF /* Frameworks */ = {
			isa = PBXFrameworksBuildPhase;
			buildActionMask = 2147483647;
			files = (
				DDD7EEEE9377463549BE13AB /* Pods_Fun_App.framework in Frameworks */,
			);
			runOnlyForDeploymentPostprocessing = 0;
		};
		68848EE62197BA1400F880CF /* Frameworks */ = {
			isa = PBXFrameworksBuildPhase;
			buildActionMask = 2147483647;
			files = (
				D3BD7FDFBD0AE9457A833F3C /* Pods_Fun_AppTests.framework in Frameworks */,
			);
			runOnlyForDeploymentPostprocessing = 0;
		};
/* End PBXFrameworksBuildPhase section */

/* Begin PBXGroup section */
		68848ECC2197BA1300F880CF = {
			isa = PBXGroup;
			children = (
				68848ED72197BA1300F880CF /* Fun App */,
				68848EEC2197BA1400F880CF /* Fun AppTests */,
				68848ED62197BA1300F880CF /* Products */,
				DF25C40B494C374F85E6CE2B /* Pods */,
				FBCEB09786E54CFED90D6856 /* Frameworks */,
			);
			sourceTree = "<group>";
		};
		68848ED62197BA1300F880CF /* Products */ = {
			isa = PBXGroup;
			children = (
				68848ED52197BA1300F880CF /* Fun App.app */,
				68848EE92197BA1400F880CF /* Fun AppTests.xctest */,
			);
			name = Products;
			sourceTree = "<group>";
		};
		68848ED72197BA1300F880CF /* Fun App */ = {
			isa = PBXGroup;
			children = (
				68848F042197DB1C00F880CF /* View */,
				68848EFD2197C73F00F880CF /* ApiService */,
				68848EF82197C42A00F880CF /* Model */,
				68848ED82197BA1300F880CF /* AppDelegate.swift */,
				68848EDC2197BA1300F880CF /* Main.storyboard */,
				68848EDF2197BA1300F880CF /* Assets.xcassets */,
				68848EE12197BA1400F880CF /* LaunchScreen.storyboard */,
				68848EE42197BA1400F880CF /* Info.plist */,
			);
			path = "Fun App";
			sourceTree = "<group>";
		};
		68848EEC2197BA1400F880CF /* Fun AppTests */ = {
			isa = PBXGroup;
			children = (
				68848EED2197BA1400F880CF /* ApiServiceTests.swift */,
				68848EEF2197BA1400F880CF /* Info.plist */,
				686E876421985A01000B71F1 /* EventViewModelTests.swift */,
			);
			path = "Fun AppTests";
			sourceTree = "<group>";
		};
		68848EF82197C42A00F880CF /* Model */ = {
			isa = PBXGroup;
			children = (
				68848EF92197C46C00F880CF /* EventsAPIResponse.swift */,
				68848EFB2197C48B00F880CF /* Event.swift */,
			);
			path = Model;
			sourceTree = "<group>";
		};
		68848EFD2197C73F00F880CF /* ApiService */ = {
			isa = PBXGroup;
			children = (
				68848EFE2197C89500F880CF /* ApiService.swift */,
				686E87312197FEB2000B71F1 /* ObservableType.swift */,
			);
			path = ApiService;
			sourceTree = "<group>";
		};
		68848F042197DB1C00F880CF /* View */ = {
			isa = PBXGroup;
			children = (
				68848EDA2197BA1300F880CF /* EventViewController.swift */,
				68848F022197DB1000F880CF /* EventTableViewCell.swift */,
				686E872D2197EDCD000B71F1 /* EventViewModel.swift */,
			);
			path = View;
			sourceTree = "<group>";
		};
		DF25C40B494C374F85E6CE2B /* Pods */ = {
			isa = PBXGroup;
			children = (
				B6B20DC4BECC7158DBBF2386 /* Pods-Fun App.debug.xcconfig */,
				7D173CD4A8DB3EBB6ED3BAC2 /* Pods-Fun App.release.xcconfig */,
				FD20E113B3AC1487F053F77B /* Pods-Fun AppTests.debug.xcconfig */,
				37E1F262B4354C437197D394 /* Pods-Fun AppTests.release.xcconfig */,
			);
			name = Pods;
			sourceTree = "<group>";
		};
		FBCEB09786E54CFED90D6856 /* Frameworks */ = {
			isa = PBXGroup;
			children = (
				2EE333406E26E7650764BBE0 /* Pods_Fun_App.framework */,
				304B1CAC7BC39D9E4CE7797F /* Pods_Fun_AppTests.framework */,
			);
			name = Frameworks;
			sourceTree = "<group>";
		};
/* End PBXGroup section */

/* Begin PBXNativeTarget section */
		68848ED42197BA1300F880CF /* Fun App */ = {
			isa = PBXNativeTarget;
			buildConfigurationList = 68848EF22197BA1400F880CF /* Build configuration list for PBXNativeTarget "Fun App" */;
			buildPhases = (
				2B6228D5617489E17F753651 /* [CP] Check Pods Manifest.lock */,
				68848ED12197BA1300F880CF /* Sources */,
				68848ED22197BA1300F880CF /* Frameworks */,
				68848ED32197BA1300F880CF /* Resources */,
				35EE9F05B98F255540E3346A /* [CP] Embed Pods Frameworks */,
			);
			buildRules = (
			);
			dependencies = (
			);
			name = "Fun App";
			productName = "Fun App";
			productReference = 68848ED52197BA1300F880CF /* Fun App.app */;
			productType = "com.apple.product-type.application";
		};
		68848EE82197BA1400F880CF /* Fun AppTests */ = {
			isa = PBXNativeTarget;
			buildConfigurationList = 68848EF52197BA1400F880CF /* Build configuration list for PBXNativeTarget "Fun AppTests" */;
			buildPhases = (
				2062773D7EF0DDF5309A8D2E /* [CP] Check Pods Manifest.lock */,
				68848EE52197BA1400F880CF /* Sources */,
				68848EE62197BA1400F880CF /* Frameworks */,
				68848EE72197BA1400F880CF /* Resources */,
				4F474BFBCEFA188BD3E1D88F /* [CP] Embed Pods Frameworks */,
			);
			buildRules = (
			);
			dependencies = (
				68848EEB2197BA1400F880CF /* PBXTargetDependency */,
			);
			name = "Fun AppTests";
			productName = "Fun AppTests";
			productReference = 68848EE92197BA1400F880CF /* Fun AppTests.xctest */;
			productType = "com.apple.product-type.bundle.unit-test";
		};
/* End PBXNativeTarget section */

/* Begin PBXProject section */
		68848ECD2197BA1300F880CF /* Project object */ = {
			isa = PBXProject;
			attributes = {
				LastSwiftUpdateCheck = 0940;
				LastUpgradeCheck = 0940;
				ORGANIZATIONNAME = "Victor Zhang";
				TargetAttributes = {
					68848ED42197BA1300F880CF = {
						CreatedOnToolsVersion = 9.4;
					};
					68848EE82197BA1400F880CF = {
						CreatedOnToolsVersion = 9.4;
						TestTargetID = 68848ED42197BA1300F880CF;
					};
				};
			};
			buildConfigurationList = 68848ED02197BA1300F880CF /* Build configuration list for PBXProject "Fun App" */;
			compatibilityVersion = "Xcode 9.3";
			developmentRegion = en;
			hasScannedForEncodings = 0;
			knownRegions = (
				en,
				Base,
			);
			mainGroup = 68848ECC2197BA1300F880CF;
			productRefGroup = 68848ED62197BA1300F880CF /* Products */;
			projectDirPath = "";
			projectRoot = "";
			targets = (
				68848ED42197BA1300F880CF /* Fun App */,
				68848EE82197BA1400F880CF /* Fun AppTests */,
			);
		};
/* End PBXProject section */

/* Begin PBXResourcesBuildPhase section */
		68848ED32197BA1300F880CF /* Resources */ = {
			isa = PBXResourcesBuildPhase;
			buildActionMask = 2147483647;
			files = (
				68848EE32197BA1400F880CF /* LaunchScreen.storyboard in Resources */,
				68848EE02197BA1300F880CF /* Assets.xcassets in Resources */,
				68848EDE2197BA1300F880CF /* Main.storyboard in Resources */,
			);
			runOnlyForDeploymentPostprocessing = 0;
		};
		68848EE72197BA1400F880CF /* Resources */ = {
			isa = PBXResourcesBuildPhase;
			buildActionMask = 2147483647;
			files = (
			);
			runOnlyForDeploymentPostprocessing = 0;
		};
/* End PBXResourcesBuildPhase section */

/* Begin PBXShellScriptBuildPhase section */
		2062773D7EF0DDF5309A8D2E /* [CP] Check Pods Manifest.lock */ = {
			isa = PBXShellScriptBuildPhase;
			buildActionMask = 2147483647;
			files = (
			);
			inputPaths = (
				"${PODS_PODFILE_DIR_PATH}/Podfile.lock",
				"${PODS_ROOT}/Manifest.lock",
			);
			name = "[CP] Check Pods Manifest.lock";
			outputPaths = (
				"$(DERIVED_FILE_DIR)/Pods-Fun AppTests-checkManifestLockResult.txt",
			);
			runOnlyForDeploymentPostprocessing = 0;
			shellPath = /bin/sh;
			shellScript = "diff \"${PODS_PODFILE_DIR_PATH}/Podfile.lock\" \"${PODS_ROOT}/Manifest.lock\" > /dev/null\nif [ $? != 0 ] ; then\n    # print error to STDERR\n    echo \"error: The sandbox is not in sync with the Podfile.lock. Run 'pod install' or update your CocoaPods installation.\" >&2\n    exit 1\nfi\n# This output is used by Xcode 'outputs' to avoid re-running this script phase.\necho \"SUCCESS\" > \"${SCRIPT_OUTPUT_FILE_0}\"\n";
			showEnvVarsInLog = 0;
		};
		2B6228D5617489E17F753651 /* [CP] Check Pods Manifest.lock */ = {
			isa = PBXShellScriptBuildPhase;
			buildActionMask = 2147483647;
			files = (
			);
			inputPaths = (
				"${PODS_PODFILE_DIR_PATH}/Podfile.lock",
				"${PODS_ROOT}/Manifest.lock",
			);
			name = "[CP] Check Pods Manifest.lock";
			outputPaths = (
				"$(DERIVED_FILE_DIR)/Pods-Fun App-checkManifestLockResult.txt",
			);
			runOnlyForDeploymentPostprocessing = 0;
			shellPath = /bin/sh;
			shellScript = "diff \"${PODS_PODFILE_DIR_PATH}/Podfile.lock\" \"${PODS_ROOT}/Manifest.lock\" > /dev/null\nif [ $? != 0 ] ; then\n    # print error to STDERR\n    echo \"error: The sandbox is not in sync with the Podfile.lock. Run 'pod install' or update your CocoaPods installation.\" >&2\n    exit 1\nfi\n# This output is used by Xcode 'outputs' to avoid re-running this script phase.\necho \"SUCCESS\" > \"${SCRIPT_OUTPUT_FILE_0}\"\n";
			showEnvVarsInLog = 0;
		};
		35EE9F05B98F255540E3346A /* [CP] Embed Pods Frameworks */ = {
			isa = PBXShellScriptBuildPhase;
			buildActionMask = 2147483647;
			files = (
			);
			inputPaths = (
				"${SRCROOT}/Pods/Target Support Files/Pods-Fun App/Pods-Fun App-frameworks.sh",
				"${BUILT_PRODUCTS_DIR}/Alamofire/Alamofire.framework",
				"${BUILT_PRODUCTS_DIR}/AlamofireObjectMapper/AlamofireObjectMapper.framework",
				"${BUILT_PRODUCTS_DIR}/ObjectMapper/ObjectMapper.framework",
				"${BUILT_PRODUCTS_DIR}/RxAlamofire/RxAlamofire.framework",
				"${BUILT_PRODUCTS_DIR}/RxAtomic/RxAtomic.framework",
				"${BUILT_PRODUCTS_DIR}/RxCocoa/RxCocoa.framework",
				"${BUILT_PRODUCTS_DIR}/RxSwift/RxSwift.framework",
			);
			name = "[CP] Embed Pods Frameworks";
			outputPaths = (
				"${TARGET_BUILD_DIR}/${FRAMEWORKS_FOLDER_PATH}/Alamofire.framework",
				"${TARGET_BUILD_DIR}/${FRAMEWORKS_FOLDER_PATH}/AlamofireObjectMapper.framework",
				"${TARGET_BUILD_DIR}/${FRAMEWORKS_FOLDER_PATH}/ObjectMapper.framework",
				"${TARGET_BUILD_DIR}/${FRAMEWORKS_FOLDER_PATH}/RxAlamofire.framework",
				"${TARGET_BUILD_DIR}/${FRAMEWORKS_FOLDER_PATH}/RxAtomic.framework",
				"${TARGET_BUILD_DIR}/${FRAMEWORKS_FOLDER_PATH}/RxCocoa.framework",
				"${TARGET_BUILD_DIR}/${FRAMEWORKS_FOLDER_PATH}/RxSwift.framework",
			);
			runOnlyForDeploymentPostprocessing = 0;
			shellPath = /bin/sh;
			shellScript = "\"${SRCROOT}/Pods/Target Support Files/Pods-Fun App/Pods-Fun App-frameworks.sh\"\n";
			showEnvVarsInLog = 0;
		};
		4F474BFBCEFA188BD3E1D88F /* [CP] Embed Pods Frameworks */ = {
			isa = PBXShellScriptBuildPhase;
			buildActionMask = 2147483647;
			files = (
			);
			inputPaths = (
				"${SRCROOT}/Pods/Target Support Files/Pods-Fun AppTests/Pods-Fun AppTests-frameworks.sh",
				"${BUILT_PRODUCTS_DIR}/Alamofire/Alamofire.framework",
				"${BUILT_PRODUCTS_DIR}/AlamofireObjectMapper/AlamofireObjectMapper.framework",
				"${BUILT_PRODUCTS_DIR}/ObjectMapper/ObjectMapper.framework",
				"${BUILT_PRODUCTS_DIR}/RxAtomic/RxAtomic.framework",
				"${BUILT_PRODUCTS_DIR}/RxSwift/RxSwift.framework",
				"${BUILT_PRODUCTS_DIR}/RxBlocking/RxBlocking.framework",
				"${BUILT_PRODUCTS_DIR}/RxTest/RxTest.framework",
			);
			name = "[CP] Embed Pods Frameworks";
			outputPaths = (
				"${TARGET_BUILD_DIR}/${FRAMEWORKS_FOLDER_PATH}/Alamofire.framework",
				"${TARGET_BUILD_DIR}/${FRAMEWORKS_FOLDER_PATH}/AlamofireObjectMapper.framework",
				"${TARGET_BUILD_DIR}/${FRAMEWORKS_FOLDER_PATH}/ObjectMapper.framework",
				"${TARGET_BUILD_DIR}/${FRAMEWORKS_FOLDER_PATH}/RxAtomic.framework",
				"${TARGET_BUILD_DIR}/${FRAMEWORKS_FOLDER_PATH}/RxSwift.framework",
				"${TARGET_BUILD_DIR}/${FRAMEWORKS_FOLDER_PATH}/RxBlocking.framework",
				"${TARGET_BUILD_DIR}/${FRAMEWORKS_FOLDER_PATH}/RxTest.framework",
			);
			runOnlyForDeploymentPostprocessing = 0;
			shellPath = /bin/sh;
			shellScript = "\"${SRCROOT}/Pods/Target Support Files/Pods-Fun AppTests/Pods-Fun AppTests-frameworks.sh\"\n";
			showEnvVarsInLog = 0;
		};
/* End PBXShellScriptBuildPhase section */

/* Begin PBXSourcesBuildPhase section */
		68848ED12197BA1300F880CF /* Sources */ = {
			isa = PBXSourcesBuildPhase;
			buildActionMask = 2147483647;
			files = (
				68848F032197DB1000F880CF /* EventTableViewCell.swift in Sources */,
				68848EFC2197C48B00F880CF /* Event.swift in Sources */,
				68848EFF2197C89500F880CF /* ApiService.swift in Sources */,
				68848EDB2197BA1300F880CF /* EventViewController.swift in Sources */,
				68848ED92197BA1300F880CF /* AppDelegate.swift in Sources */,
				686E872E2197EDCD000B71F1 /* EventViewModel.swift in Sources */,
				686E87322197FEB2000B71F1 /* ObservableType.swift in Sources */,
				68848EFA2197C46C00F880CF /* EventsAPIResponse.swift in Sources */,
			);
			runOnlyForDeploymentPostprocessing = 0;
		};
		68848EE52197BA1400F880CF /* Sources */ = {
			isa = PBXSourcesBuildPhase;
			buildActionMask = 2147483647;
			files = (
				68848EEE2197BA1400F880CF /* ApiServiceTests.swift in Sources */,
				686E876521985A01000B71F1 /* EventViewModelTests.swift in Sources */,
			);
			runOnlyForDeploymentPostprocessing = 0;
		};
/* End PBXSourcesBuildPhase section */

/* Begin PBXTargetDependency section */
		68848EEB2197BA1400F880CF /* PBXTargetDependency */ = {
			isa = PBXTargetDependency;
			target = 68848ED42197BA1300F880CF /* Fun App */;
			targetProxy = 68848EEA2197BA1400F880CF /* PBXContainerItemProxy */;
		};
/* End PBXTargetDependency section */

/* Begin PBXVariantGroup section */
		68848EDC2197BA1300F880CF /* Main.storyboard */ = {
			isa = PBXVariantGroup;
			children = (
				68848EDD2197BA1300F880CF /* Base */,
			);
			name = Main.storyboard;
			sourceTree = "<group>";
		};
		68848EE12197BA1400F880CF /* LaunchScreen.storyboard */ = {
			isa = PBXVariantGroup;
			children = (
				68848EE22197BA1400F880CF /* Base */,
			);
			name = LaunchScreen.storyboard;
			sourceTree = "<group>";
		};
/* End PBXVariantGroup section */

/* Begin XCBuildConfiguration section */
		68848EF02197BA1400F880CF /* Debug */ = {
			isa = XCBuildConfiguration;
			buildSettings = {
				ALWAYS_SEARCH_USER_PATHS = NO;
				CLANG_ANALYZER_NONNULL = YES;
				CLANG_ANALYZER_NUMBER_OBJECT_CONVERSION = YES_AGGRESSIVE;
				CLANG_CXX_LANGUAGE_STANDARD = "gnu++14";
				CLANG_CXX_LIBRARY = "libc++";
				CLANG_ENABLE_MODULES = YES;
				CLANG_ENABLE_OBJC_ARC = YES;
				CLANG_ENABLE_OBJC_WEAK = YES;
				CLANG_WARN_BLOCK_CAPTURE_AUTORELEASING = YES;
				CLANG_WARN_BOOL_CONVERSION = YES;
				CLANG_WARN_COMMA = YES;
				CLANG_WARN_CONSTANT_CONVERSION = YES;
				CLANG_WARN_DEPRECATED_OBJC_IMPLEMENTATIONS = YES;
				CLANG_WARN_DIRECT_OBJC_ISA_USAGE = YES_ERROR;
				CLANG_WARN_DOCUMENTATION_COMMENTS = YES;
				CLANG_WARN_EMPTY_BODY = YES;
				CLANG_WARN_ENUM_CONVERSION = YES;
				CLANG_WARN_INFINITE_RECURSION = YES;
				CLANG_WARN_INT_CONVERSION = YES;
				CLANG_WARN_NON_LITERAL_NULL_CONVERSION = YES;
				CLANG_WARN_OBJC_IMPLICIT_RETAIN_SELF = YES;
				CLANG_WARN_OBJC_LITERAL_CONVERSION = YES;
				CLANG_WARN_OBJC_ROOT_CLASS = YES_ERROR;
				CLANG_WARN_RANGE_LOOP_ANALYSIS = YES;
				CLANG_WARN_STRICT_PROTOTYPES = YES;
				CLANG_WARN_SUSPICIOUS_MOVE = YES;
				CLANG_WARN_UNGUARDED_AVAILABILITY = YES_AGGRESSIVE;
				CLANG_WARN_UNREACHABLE_CODE = YES;
				CLANG_WARN__DUPLICATE_METHOD_MATCH = YES;
				CODE_SIGN_IDENTITY = "iPhone Developer";
				COPY_PHASE_STRIP = NO;
				DEBUG_INFORMATION_FORMAT = dwarf;
				ENABLE_STRICT_OBJC_MSGSEND = YES;
				ENABLE_TESTABILITY = YES;
				GCC_C_LANGUAGE_STANDARD = gnu11;
				GCC_DYNAMIC_NO_PIC = NO;
				GCC_NO_COMMON_BLOCKS = YES;
				GCC_OPTIMIZATION_LEVEL = 0;
				GCC_PREPROCESSOR_DEFINITIONS = (
					"DEBUG=1",
					"$(inherited)",
				);
				GCC_WARN_64_TO_32_BIT_CONVERSION = YES;
				GCC_WARN_ABOUT_RETURN_TYPE = YES_ERROR;
				GCC_WARN_UNDECLARED_SELECTOR = YES;
				GCC_WARN_UNINITIALIZED_AUTOS = YES_AGGRESSIVE;
				GCC_WARN_UNUSED_FUNCTION = YES;
				GCC_WARN_UNUSED_VARIABLE = YES;
				IPHONEOS_DEPLOYMENT_TARGET = 11.4;
				MTL_ENABLE_DEBUG_INFO = YES;
				ONLY_ACTIVE_ARCH = YES;
				SDKROOT = iphoneos;
				SWIFT_ACTIVE_COMPILATION_CONDITIONS = DEBUG;
				SWIFT_OPTIMIZATION_LEVEL = "-Onone";
			};
			name = Debug;
		};
		68848EF12197BA1400F880CF /* Release */ = {
			isa = XCBuildConfiguration;
			buildSettings = {
				ALWAYS_SEARCH_USER_PATHS = NO;
				CLANG_ANALYZER_NONNULL = YES;
				CLANG_ANALYZER_NUMBER_OBJECT_CONVERSION = YES_AGGRESSIVE;
				CLANG_CXX_LANGUAGE_STANDARD = "gnu++14";
				CLANG_CXX_LIBRARY = "libc++";
				CLANG_ENABLE_MODULES = YES;
				CLANG_ENABLE_OBJC_ARC = YES;
				CLANG_ENABLE_OBJC_WEAK = YES;
				CLANG_WARN_BLOCK_CAPTURE_AUTORELEASING = YES;
				CLANG_WARN_BOOL_CONVERSION = YES;
				CLANG_WARN_COMMA = YES;
				CLANG_WARN_CONSTANT_CONVERSION = YES;
				CLANG_WARN_DEPRECATED_OBJC_IMPLEMENTATIONS = YES;
				CLANG_WARN_DIRECT_OBJC_ISA_USAGE = YES_ERROR;
				CLANG_WARN_DOCUMENTATION_COMMENTS = YES;
				CLANG_WARN_EMPTY_BODY = YES;
				CLANG_WARN_ENUM_CONVERSION = YES;
				CLANG_WARN_INFINITE_RECURSION = YES;
				CLANG_WARN_INT_CONVERSION = YES;
				CLANG_WARN_NON_LITERAL_NULL_CONVERSION = YES;
				CLANG_WARN_OBJC_IMPLICIT_RETAIN_SELF = YES;
				CLANG_WARN_OBJC_LITERAL_CONVERSION = YES;
				CLANG_WARN_OBJC_ROOT_CLASS = YES_ERROR;
				CLANG_WARN_RANGE_LOOP_ANALYSIS = YES;
				CLANG_WARN_STRICT_PROTOTYPES = YES;
				CLANG_WARN_SUSPICIOUS_MOVE = YES;
				CLANG_WARN_UNGUARDED_AVAILABILITY = YES_AGGRESSIVE;
				CLANG_WARN_UNREACHABLE_CODE = YES;
				CLANG_WARN__DUPLICATE_METHOD_MATCH = YES;
				CODE_SIGN_IDENTITY = "iPhone Developer";
				COPY_PHASE_STRIP = NO;
				DEBUG_INFORMATION_FORMAT = "dwarf-with-dsym";
				ENABLE_NS_ASSERTIONS = NO;
				ENABLE_STRICT_OBJC_MSGSEND = YES;
				GCC_C_LANGUAGE_STANDARD = gnu11;
				GCC_NO_COMMON_BLOCKS = YES;
				GCC_WARN_64_TO_32_BIT_CONVERSION = YES;
				GCC_WARN_ABOUT_RETURN_TYPE = YES_ERROR;
				GCC_WARN_UNDECLARED_SELECTOR = YES;
				GCC_WARN_UNINITIALIZED_AUTOS = YES_AGGRESSIVE;
				GCC_WARN_UNUSED_FUNCTION = YES;
				GCC_WARN_UNUSED_VARIABLE = YES;
				IPHONEOS_DEPLOYMENT_TARGET = 11.4;
				MTL_ENABLE_DEBUG_INFO = NO;
				SDKROOT = iphoneos;
				SWIFT_COMPILATION_MODE = wholemodule;
				SWIFT_OPTIMIZATION_LEVEL = "-O";
				VALIDATE_PRODUCT = YES;
			};
			name = Release;
		};
		68848EF32197BA1400F880CF /* Debug */ = {
			isa = XCBuildConfiguration;
			baseConfigurationReference = B6B20DC4BECC7158DBBF2386 /* Pods-Fun App.debug.xcconfig */;
			buildSettings = {
				ASSETCATALOG_COMPILER_APPICON_NAME = AppIcon;
				CODE_SIGN_STYLE = Automatic;
				INFOPLIST_FILE = "Fun App/Info.plist";
				LD_RUNPATH_SEARCH_PATHS = (
					"$(inherited)",
					"@executable_path/Frameworks",
				);
				PRODUCT_BUNDLE_IDENTIFIER = "com.codingpractice.Fun-App";
				PRODUCT_NAME = "$(TARGET_NAME)";
				SWIFT_VERSION = 4.0;
				TARGETED_DEVICE_FAMILY = "1,2";
			};
			name = Debug;
		};
		68848EF42197BA1400F880CF /* Release */ = {
			isa = XCBuildConfiguration;
			baseConfigurationReference = 7D173CD4A8DB3EBB6ED3BAC2 /* Pods-Fun App.release.xcconfig */;
			buildSettings = {
				ASSETCATALOG_COMPILER_APPICON_NAME = AppIcon;
				CODE_SIGN_STYLE = Automatic;
				INFOPLIST_FILE = "Fun App/Info.plist";
				LD_RUNPATH_SEARCH_PATHS = (
					"$(inherited)",
					"@executable_path/Frameworks",
				);
				PRODUCT_BUNDLE_IDENTIFIER = "com.codingpractice.Fun-App";
				PRODUCT_NAME = "$(TARGET_NAME)";
				SWIFT_VERSION = 4.0;
				TARGETED_DEVICE_FAMILY = "1,2";
			};
			name = Release;
		};
		68848EF62197BA1400F880CF /* Debug */ = {
			isa = XCBuildConfiguration;
			baseConfigurationReference = FD20E113B3AC1487F053F77B /* Pods-Fun AppTests.debug.xcconfig */;
			buildSettings = {
				ALWAYS_EMBED_SWIFT_STANDARD_LIBRARIES = YES;
				BUNDLE_LOADER = "$(TEST_HOST)";
				CODE_SIGN_STYLE = Automatic;
				INFOPLIST_FILE = "Fun AppTests/Info.plist";
				LD_RUNPATH_SEARCH_PATHS = (
					"$(inherited)",
					"@executable_path/Frameworks",
					"@loader_path/Frameworks",
				);
				PRODUCT_BUNDLE_IDENTIFIER = "com.codingpractice.Fun-AppTests";
				PRODUCT_NAME = "$(TARGET_NAME)";
				SWIFT_VERSION = 4.0;
				TARGETED_DEVICE_FAMILY = "1,2";
				TEST_HOST = "$(BUILT_PRODUCTS_DIR)/Fun App.app/Fun App";
			};
			name = Debug;
		};
		68848EF72197BA1400F880CF /* Release */ = {
			isa = XCBuildConfiguration;
			baseConfigurationReference = 37E1F262B4354C437197D394 /* Pods-Fun AppTests.release.xcconfig */;
			buildSettings = {
				ALWAYS_EMBED_SWIFT_STANDARD_LIBRARIES = YES;
				BUNDLE_LOADER = "$(TEST_HOST)";
				CODE_SIGN_STYLE = Automatic;
				INFOPLIST_FILE = "Fun AppTests/Info.plist";
				LD_RUNPATH_SEARCH_PATHS = (
					"$(inherited)",
					"@executable_path/Frameworks",
					"@loader_path/Frameworks",
				);
				PRODUCT_BUNDLE_IDENTIFIER = "com.codingpractice.Fun-AppTests";
				PRODUCT_NAME = "$(TARGET_NAME)";
				SWIFT_VERSION = 4.0;
				TARGETED_DEVICE_FAMILY = "1,2";
				TEST_HOST = "$(BUILT_PRODUCTS_DIR)/Fun App.app/Fun App";
			};
			name = Release;
		};
/* End XCBuildConfiguration section */

/* Begin XCConfigurationList section */
		68848ED02197BA1300F880CF /* Build configuration list for PBXProject "Fun App" */ = {
			isa = XCConfigurationList;
			buildConfigurations = (
				68848EF02197BA1400F880CF /* Debug */,
				68848EF12197BA1400F880CF /* Release */,
			);
			defaultConfigurationIsVisible = 0;
			defaultConfigurationName = Release;
		};
		68848EF22197BA1400F880CF /* Build configuration list for PBXNativeTarget "Fun App" */ = {
			isa = XCConfigurationList;
			buildConfigurations = (
				68848EF32197BA1400F880CF /* Debug */,
				68848EF42197BA1400F880CF /* Release */,
			);
			defaultConfigurationIsVisible = 0;
			defaultConfigurationName = Release;
		};
		68848EF52197BA1400F880CF /* Build configuration list for PBXNativeTarget "Fun AppTests" */ = {
			isa = XCConfigurationList;
			buildConfigurations = (
				68848EF62197BA1400F880CF /* Debug */,
				68848EF72197BA1400F880CF /* Release */,
			);
			defaultConfigurationIsVisible = 0;
			defaultConfigurationName = Release;
		};
/* End XCConfigurationList section */
	};
	rootObject = 68848ECD2197BA1300F880CF /* Project object */;
}
